
Microsoft Visual Studio Solution File, Format Version 12.00
# Visual Studio 15
VisualStudioVersion = 15.0.28307.1000
MinimumVisualStudioVersion = 10.0.40219.1
Project("{FAE04EC0-301F-11D3-BF4B-00C04F79EFBC}") = "Sales.Android", "Sales\Sales.Android\Sales.Android.csproj", "{23436755-2F49-4F97-9CF0-98793EAD25E0}"
EndProject
Project("{FAE04EC0-301F-11D3-BF4B-00C04F79EFBC}") = "Sales.iOS", "Sales\Sales.iOS\Sales.iOS.csproj", "{DAFE3EFE-CD69-47A6-B00A-D7E7B9A875AB}"
EndProject
Project("{FAE04EC0-301F-11D3-BF4B-00C04F79EFBC}") = "Sales.UWP", "Sales\Sales.UWP\Sales.UWP.csproj", "{33BEFC0E-C333-4C18-922B-FEA25EDB1013}"
EndProject
Project("{FAE04EC0-301F-11D3-BF4B-00C04F79EFBC}") = "Sales", "Sales\Sales\Sales.csproj", "{5873A401-255E-48AD-A71E-80E12C1ADAB4}"
EndProject
Project("{FAE04EC0-301F-11D3-BF4B-00C04F79EFBC}") = "Sales.Common", "Sales.Common\Sales.Common.csproj", "{F23EC155-7A7F-4D24-9040-21E1DFE6D7EB}"
EndProject
Project("{FAE04EC0-301F-11D3-BF4B-00C04F79EFBC}") = "Sales.Domain", "Sales.Domain\Sales.Domain.csproj", "{7F5C6FD5-CFE9-487A-A14A-50E9776E0D38}"
EndProject
Project("{FAE04EC0-301F-11D3-BF4B-00C04F79EFBC}") = "Sales.Backend", "Sales.Backend\Sales.Backend.csproj", "{ED10EF32-CFED-4F56-AD8A-6D79C45638F3}"
EndProject
Project("{FAE04EC0-301F-11D3-BF4B-00C04F79EFBC}") = "Sales.API", "Sales.API\Sales.API.csproj", "{4F2BDF26-93F1-4A49-B064-0700BB3D07C7}"
EndProject
Global
	GlobalSection(SolutionConfigurationPlatforms) = preSolution
		Ad-Hoc|Any CPU = Ad-Hoc|Any CPU
		Ad-Hoc|ARM = Ad-Hoc|ARM
		Ad-Hoc|iPhone = Ad-Hoc|iPhone
		Ad-Hoc|iPhoneSimulator = Ad-Hoc|iPhoneSimulator
		Ad-Hoc|x64 = Ad-Hoc|x64
		Ad-Hoc|x86 = Ad-Hoc|x86
		AppStore|Any CPU = AppStore|Any CPU
		AppStore|ARM = AppStore|ARM
		AppStore|iPhone = AppStore|iPhone
		AppStore|iPhoneSimulator = AppStore|iPhoneSimulator
		AppStore|x64 = AppStore|x64
		AppStore|x86 = AppStore|x86
		Debug|Any CPU = Debug|Any CPU
		Debug|ARM = Debug|ARM
		Debug|iPhone = Debug|iPhone
		Debug|iPhoneSimulator = Debug|iPhoneSimulator
		Debug|x64 = Debug|x64
		Debug|x86 = Debug|x86
		Release|Any CPU = Release|Any CPU
		Release|ARM = Release|ARM
		Release|iPhone = Release|iPhone
		Release|iPhoneSimulator = Release|iPhoneSimulator
		Release|x64 = Release|x64
		Release|x86 = Release|x86
	EndGlobalSection
	GlobalSection(ProjectConfigurationPlatforms) = postSolution
		{23436755-2F49-4F97-9CF0-98793EAD25E0}.Ad-Hoc|Any CPU.ActiveCfg = Release|Any CPU
		{23436755-2F49-4F97-9CF0-98793EAD25E0}.Ad-Hoc|Any CPU.Build.0 = Release|Any CPU
		{23436755-2F49-4F97-9CF0-98793EAD25E0}.Ad-Hoc|Any CPU.Deploy.0 = Release|Any CPU
		{23436755-2F49-4F97-9CF0-98793EAD25E0}.Ad-Hoc|ARM.ActiveCfg = Release|Any CPU
		{23436755-2F49-4F97-9CF0-98793EAD25E0}.Ad-Hoc|ARM.Build.0 = Release|Any CPU
		{23436755-2F49-4F97-9CF0-98793EAD25E0}.Ad-Hoc|ARM.Deploy.0 = Release|Any CPU
		{23436755-2F49-4F97-9CF0-98793EAD25E0}.Ad-Hoc|iPhone.ActiveCfg = Release|Any CPU
		{23436755-2F49-4F97-9CF0-98793EAD25E0}.Ad-Hoc|iPhone.Build.0 = Release|Any CPU
		{23436755-2F49-4F97-9CF0-98793EAD25E0}.Ad-Hoc|iPhone.Deploy.0 = Release|Any CPU
		{23436755-2F49-4F97-9CF0-98793EAD25E0}.Ad-Hoc|iPhoneSimulator.ActiveCfg = Release|Any CPU
		{23436755-2F49-4F97-9CF0-98793EAD25E0}.Ad-Hoc|iPhoneSimulator.Build.0 = Release|Any CPU
		{23436755-2F49-4F97-9CF0-98793EAD25E0}.Ad-Hoc|iPhoneSimulator.Deploy.0 = Release|Any CPU
		{23436755-2F49-4F97-9CF0-98793EAD25E0}.Ad-Hoc|x64.ActiveCfg = Release|Any CPU
		{23436755-2F49-4F97-9CF0-98793EAD25E0}.Ad-Hoc|x64.Build.0 = Release|Any CPU
		{23436755-2F49-4F97-9CF0-98793EAD25E0}.Ad-Hoc|x64.Deploy.0 = Release|Any CPU
		{23436755-2F49-4F97-9CF0-98793EAD25E0}.Ad-Hoc|x86.ActiveCfg = Release|Any CPU
		{23436755-2F49-4F97-9CF0-98793EAD25E0}.Ad-Hoc|x86.Build.0 = Release|Any CPU
		{23436755-2F49-4F97-9CF0-98793EAD25E0}.Ad-Hoc|x86.Deploy.0 = Release|Any CPU
		{23436755-2F49-4F97-9CF0-98793EAD25E0}.AppStore|Any CPU.ActiveCfg = Release|Any CPU
		{23436755-2F49-4F97-9CF0-98793EAD25E0}.AppStore|Any CPU.Build.0 = Release|Any CPU
		{23436755-2F49-4F97-9CF0-98793EAD25E0}.AppStore|Any CPU.Deploy.0 = Release|Any CPU
		{23436755-2F49-4F97-9CF0-98793EAD25E0}.AppStore|ARM.ActiveCfg = Release|Any CPU
		{23436755-2F49-4F97-9CF0-98793EAD25E0}.AppStore|ARM.Build.0 = Release|Any CPU
		{23436755-2F49-4F97-9CF0-98793EAD25E0}.AppStore|ARM.Deploy.0 = Release|Any CPU
		{23436755-2F49-4F97-9CF0-98793EAD25E0}.AppStore|iPhone.ActiveCfg = Release|Any CPU
		{23436755-2F49-4F97-9CF0-98793EAD25E0}.AppStore|iPhone.Build.0 = Release|Any CPU
		{23436755-2F49-4F97-9CF0-98793EAD25E0}.AppStore|iPhone.Deploy.0 = Release|Any CPU
		{23436755-2F49-4F97-9CF0-98793EAD25E0}.AppStore|iPhoneSimulator.ActiveCfg = Release|Any CPU
		{23436755-2F49-4F97-9CF0-98793EAD25E0}.AppStore|iPhoneSimulator.Build.0 = Release|Any CPU
		{23436755-2F49-4F97-9CF0-98793EAD25E0}.AppStore|iPhoneSimulator.Deploy.0 = Release|Any CPU
		{23436755-2F49-4F97-9CF0-98793EAD25E0}.AppStore|x64.ActiveCfg = Release|Any CPU
		{23436755-2F49-4F97-9CF0-98793EAD25E0}.AppStore|x64.Build.0 = Release|Any CPU
		{23436755-2F49-4F97-9CF0-98793EAD25E0}.AppStore|x64.Deploy.0 = Release|Any CPU
		{23436755-2F49-4F97-9CF0-98793EAD25E0}.AppStore|x86.ActiveCfg = Release|Any CPU
		{23436755-2F49-4F97-9CF0-98793EAD25E0}.AppStore|x86.Build.0 = Release|Any CPU
		{23436755-2F49-4F97-9CF0-98793EAD25E0}.AppStore|x86.Deploy.0 = Release|Any CPU
		{23436755-2F49-4F97-9CF0-98793EAD25E0}.Debug|Any CPU.ActiveCfg = Debug|Any CPU
		{23436755-2F49-4F97-9CF0-98793EAD25E0}.Debug|Any CPU.Build.0 = Debug|Any CPU
		{23436755-2F49-4F97-9CF0-98793EAD25E0}.Debug|Any CPU.Deploy.0 = Debug|Any CPU
		{23436755-2F49-4F97-9CF0-98793EAD25E0}.Debug|ARM.ActiveCfg = Debug|Any CPU
		{23436755-2F49-4F97-9CF0-98793EAD25E0}.Debug|ARM.Build.0 = Debug|Any CPU
		{23436755-2F49-4F97-9CF0-98793EAD25E0}.Debug|ARM.Deploy.0 = Debug|Any CPU
		{23436755-2F49-4F97-9CF0-98793EAD25E0}.Debug|iPhone.ActiveCfg = Debug|Any CPU
		{23436755-2F49-4F97-9CF0-98793EAD25E0}.Debug|iPhone.Build.0 = Debug|Any CPU
		{23436755-2F49-4F97-9CF0-98793EAD25E0}.Debug|iPhone.Deploy.0 = Debug|Any CPU
		{23436755-2F49-4F97-9CF0-98793EAD25E0}.Debug|iPhoneSimulator.ActiveCfg = Debug|Any CPU
		{23436755-2F49-4F97-9CF0-98793EAD25E0}.Debug|iPhoneSimulator.Build.0 = Debug|Any CPU
		{23436755-2F49-4F97-9CF0-98793EAD25E0}.Debug|iPhoneSimulator.Deploy.0 = Debug|Any CPU
		{23436755-2F49-4F97-9CF0-98793EAD25E0}.Debug|x64.ActiveCfg = Debug|Any CPU
		{23436755-2F49-4F97-9CF0-98793EAD25E0}.Debug|x64.Build.0 = Debug|Any CPU
		{23436755-2F49-4F97-9CF0-98793EAD25E0}.Debug|x64.Deploy.0 = Debug|Any CPU
		{23436755-2F49-4F97-9CF0-98793EAD25E0}.Debug|x86.ActiveCfg = Debug|Any CPU
		{23436755-2F49-4F97-9CF0-98793EAD25E0}.Debug|x86.Build.0 = Debug|Any CPU
		{23436755-2F49-4F97-9CF0-98793EAD25E0}.Debug|x86.Deploy.0 = Debug|Any CPU
		{23436755-2F49-4F97-9CF0-98793EAD25E0}.Release|Any CPU.ActiveCfg = Release|Any CPU
		{23436755-2F49-4F97-9CF0-98793EAD25E0}.Release|Any CPU.Build.0 = Release|Any CPU
		{23436755-2F49-4F97-9CF0-98793EAD25E0}.Release|Any CPU.Deploy.0 = Release|Any CPU
		{23436755-2F49-4F97-9CF0-98793EAD25E0}.Release|ARM.ActiveCfg = Release|Any CPU
		{23436755-2F49-4F97-9CF0-98793EAD25E0}.Release|ARM.Build.0 = Release|Any CPU
		{23436755-2F49-4F97-9CF0-98793EAD25E0}.Release|ARM.Deploy.0 = Release|Any CPU
		{23436755-2F49-4F97-9CF0-98793EAD25E0}.Release|iPhone.ActiveCfg = Release|Any CPU
		{23436755-2F49-4F97-9CF0-98793EAD25E0}.Release|iPhone.Build.0 = Release|Any CPU
		{23436755-2F49-4F97-9CF0-98793EAD25E0}.Release|iPhone.Deploy.0 = Release|Any CPU
		{23436755-2F49-4F97-9CF0-98793EAD25E0}.Release|iPhoneSimulator.ActiveCfg = Release|Any CPU
		{23436755-2F49-4F97-9CF0-98793EAD25E0}.Release|iPhoneSimulator.Build.0 = Release|Any CPU
		{23436755-2F49-4F97-9CF0-98793EAD25E0}.Release|iPhoneSimulator.Deploy.0 = Release|Any CPU
		{23436755-2F49-4F97-9CF0-98793EAD25E0}.Release|x64.ActiveCfg = Release|Any CPU
		{23436755-2F49-4F97-9CF0-98793EAD25E0}.Release|x64.Build.0 = Release|Any CPU
		{23436755-2F49-4F97-9CF0-98793EAD25E0}.Release|x64.Deploy.0 = Release|Any CPU
		{23436755-2F49-4F97-9CF0-98793EAD25E0}.Release|x86.ActiveCfg = Release|Any CPU
		{23436755-2F49-4F97-9CF0-98793EAD25E0}.Release|x86.Build.0 = Release|Any CPU
		{23436755-2F49-4F97-9CF0-98793EAD25E0}.Release|x86.Deploy.0 = Release|Any CPU
		{DAFE3EFE-CD69-47A6-B00A-D7E7B9A875AB}.Ad-Hoc|Any CPU.ActiveCfg = Ad-Hoc|iPhone
		{DAFE3EFE-CD69-47A6-B00A-D7E7B9A875AB}.Ad-Hoc|Any CPU.Build.0 = Ad-Hoc|iPhone
		{DAFE3EFE-CD69-47A6-B00A-D7E7B9A875AB}.Ad-Hoc|Any CPU.Deploy.0 = Ad-Hoc|iPhone
		{DAFE3EFE-CD69-47A6-B00A-D7E7B9A875AB}.Ad-Hoc|ARM.ActiveCfg = Ad-Hoc|iPhone
		{DAFE3EFE-CD69-47A6-B00A-D7E7B9A875AB}.Ad-Hoc|ARM.Build.0 = Ad-Hoc|iPhone
		{DAFE3EFE-CD69-47A6-B00A-D7E7B9A875AB}.Ad-Hoc|ARM.Deploy.0 = Ad-Hoc|iPhone
		{DAFE3EFE-CD69-47A6-B00A-D7E7B9A875AB}.Ad-Hoc|iPhone.ActiveCfg = Ad-Hoc|iPhone
		{DAFE3EFE-CD69-47A6-B00A-D7E7B9A875AB}.Ad-Hoc|iPhone.Build.0 = Ad-Hoc|iPhone
		{DAFE3EFE-CD69-47A6-B00A-D7E7B9A875AB}.Ad-Hoc|iPhone.Deploy.0 = Ad-Hoc|iPhone
		{DAFE3EFE-CD69-47A6-B00A-D7E7B9A875AB}.Ad-Hoc|iPhoneSimulator.ActiveCfg = Ad-Hoc|iPhoneSimulator
		{DAFE3EFE-CD69-47A6-B00A-D7E7B9A875AB}.Ad-Hoc|iPhoneSimulator.Build.0 = Ad-Hoc|iPhoneSimulator
		{DAFE3EFE-CD69-47A6-B00A-D7E7B9A875AB}.Ad-Hoc|iPhoneSimulator.Deploy.0 = Ad-Hoc|iPhoneSimulator
		{DAFE3EFE-CD69-47A6-B00A-D7E7B9A875AB}.Ad-Hoc|x64.ActiveCfg = Ad-Hoc|iPhone
		{DAFE3EFE-CD69-47A6-B00A-D7E7B9A875AB}.Ad-Hoc|x64.Build.0 = Ad-Hoc|iPhone
		{DAFE3EFE-CD69-47A6-B00A-D7E7B9A875AB}.Ad-Hoc|x64.Deploy.0 = Ad-Hoc|iPhone
		{DAFE3EFE-CD69-47A6-B00A-D7E7B9A875AB}.Ad-Hoc|x86.ActiveCfg = Ad-Hoc|iPhone
		{DAFE3EFE-CD69-47A6-B00A-D7E7B9A875AB}.Ad-Hoc|x86.Build.0 = Ad-Hoc|iPhone
		{DAFE3EFE-CD69-47A6-B00A-D7E7B9A875AB}.Ad-Hoc|x86.Deploy.0 = Ad-Hoc|iPhone
		{DAFE3EFE-CD69-47A6-B00A-D7E7B9A875AB}.AppStore|Any CPU.ActiveCfg = AppStore|iPhone
		{DAFE3EFE-CD69-47A6-B00A-D7E7B9A875AB}.AppStore|Any CPU.Build.0 = AppStore|iPhone
		{DAFE3EFE-CD69-47A6-B00A-D7E7B9A875AB}.AppStore|Any CPU.Deploy.0 = AppStore|iPhone
		{DAFE3EFE-CD69-47A6-B00A-D7E7B9A875AB}.AppStore|ARM.ActiveCfg = AppStore|iPhone
		{DAFE3EFE-CD69-47A6-B00A-D7E7B9A875AB}.AppStore|ARM.Build.0 = AppStore|iPhone
		{DAFE3EFE-CD69-47A6-B00A-D7E7B9A875AB}.AppStore|ARM.Deploy.0 = AppStore|iPhone
		{DAFE3EFE-CD69-47A6-B00A-D7E7B9A875AB}.AppStore|iPhone.ActiveCfg = AppStore|iPhone
		{DAFE3EFE-CD69-47A6-B00A-D7E7B9A875AB}.AppStore|iPhone.Build.0 = AppStore|iPhone
		{DAFE3EFE-CD69-47A6-B00A-D7E7B9A875AB}.AppStore|iPhone.Deploy.0 = AppStore|iPhone
		{DAFE3EFE-CD69-47A6-B00A-D7E7B9A875AB}.AppStore|iPhoneSimulator.ActiveCfg = AppStore|iPhoneSimulator
		{DAFE3EFE-CD69-47A6-B00A-D7E7B9A875AB}.AppStore|iPhoneSimulator.Build.0 = AppStore|iPhoneSimulator
		{DAFE3EFE-CD69-47A6-B00A-D7E7B9A875AB}.AppStore|iPhoneSimulator.Deploy.0 = AppStore|iPhoneSimulator
		{DAFE3EFE-CD69-47A6-B00A-D7E7B9A875AB}.AppStore|x64.ActiveCfg = AppStore|iPhone
		{DAFE3EFE-CD69-47A6-B00A-D7E7B9A875AB}.AppStore|x64.Build.0 = AppStore|iPhone
		{DAFE3EFE-CD69-47A6-B00A-D7E7B9A875AB}.AppStore|x64.Deploy.0 = AppStore|iPhone
		{DAFE3EFE-CD69-47A6-B00A-D7E7B9A875AB}.AppStore|x86.ActiveCfg = AppStore|iPhone
		{DAFE3EFE-CD69-47A6-B00A-D7E7B9A875AB}.AppStore|x86.Build.0 = AppStore|iPhone
		{DAFE3EFE-CD69-47A6-B00A-D7E7B9A875AB}.AppStore|x86.Deploy.0 = AppStore|iPhone
		{DAFE3EFE-CD69-47A6-B00A-D7E7B9A875AB}.Debug|Any CPU.ActiveCfg = Debug|iPhoneSimulator
		{DAFE3EFE-CD69-47A6-B00A-D7E7B9A875AB}.Debug|Any CPU.Build.0 = Debug|iPhoneSimulator
		{DAFE3EFE-CD69-47A6-B00A-D7E7B9A875AB}.Debug|Any CPU.Deploy.0 = Debug|iPhoneSimulator
		{DAFE3EFE-CD69-47A6-B00A-D7E7B9A875AB}.Debug|ARM.ActiveCfg = Debug|iPhone
		{DAFE3EFE-CD69-47A6-B00A-D7E7B9A875AB}.Debug|ARM.Build.0 = Debug|iPhone
		{DAFE3EFE-CD69-47A6-B00A-D7E7B9A875AB}.Debug|ARM.Deploy.0 = Debug|iPhone
		{DAFE3EFE-CD69-47A6-B00A-D7E7B9A875AB}.Debug|iPhone.ActiveCfg = Debug|iPhone
		{DAFE3EFE-CD69-47A6-B00A-D7E7B9A875AB}.Debug|iPhone.Build.0 = Debug|iPhone
		{DAFE3EFE-CD69-47A6-B00A-D7E7B9A875AB}.Debug|iPhone.Deploy.0 = Debug|iPhone
		{DAFE3EFE-CD69-47A6-B00A-D7E7B9A875AB}.Debug|iPhoneSimulator.ActiveCfg = Debug|iPhoneSimulator
		{DAFE3EFE-CD69-47A6-B00A-D7E7B9A875AB}.Debug|iPhoneSimulator.Build.0 = Debug|iPhoneSimulator
		{DAFE3EFE-CD69-47A6-B00A-D7E7B9A875AB}.Debug|iPhoneSimulator.Deploy.0 = Debug|iPhoneSimulator
		{DAFE3EFE-CD69-47A6-B00A-D7E7B9A875AB}.Debug|x64.ActiveCfg = Debug|iPhone
		{DAFE3EFE-CD69-47A6-B00A-D7E7B9A875AB}.Debug|x64.Build.0 = Debug|iPhone
		{DAFE3EFE-CD69-47A6-B00A-D7E7B9A875AB}.Debug|x64.Deploy.0 = Debug|iPhone
		{DAFE3EFE-CD69-47A6-B00A-D7E7B9A875AB}.Debug|x86.ActiveCfg = Debug|iPhone
		{DAFE3EFE-CD69-47A6-B00A-D7E7B9A875AB}.Debug|x86.Build.0 = Debug|iPhone
		{DAFE3EFE-CD69-47A6-B00A-D7E7B9A875AB}.Debug|x86.Deploy.0 = Debug|iPhone
		{DAFE3EFE-CD69-47A6-B00A-D7E7B9A875AB}.Release|Any CPU.ActiveCfg = Release|iPhone
		{DAFE3EFE-CD69-47A6-B00A-D7E7B9A875AB}.Release|Any CPU.Build.0 = Release|iPhone
		{DAFE3EFE-CD69-47A6-B00A-D7E7B9A875AB}.Release|Any CPU.Deploy.0 = Release|iPhone
		{DAFE3EFE-CD69-47A6-B00A-D7E7B9A875AB}.Release|ARM.ActiveCfg = Release|iPhone
		{DAFE3EFE-CD69-47A6-B00A-D7E7B9A875AB}.Release|ARM.Build.0 = Release|iPhone
		{DAFE3EFE-CD69-47A6-B00A-D7E7B9A875AB}.Release|ARM.Deploy.0 = Release|iPhone
		{DAFE3EFE-CD69-47A6-B00A-D7E7B9A875AB}.Release|iPhone.ActiveCfg = Release|iPhone
		{DAFE3EFE-CD69-47A6-B00A-D7E7B9A875AB}.Release|iPhone.Build.0 = Release|iPhone
		{DAFE3EFE-CD69-47A6-B00A-D7E7B9A875AB}.Release|iPhone.Deploy.0 = Release|iPhone
		{DAFE3EFE-CD69-47A6-B00A-D7E7B9A875AB}.Release|iPhoneSimulator.ActiveCfg = Release|iPhoneSimulator
		{DAFE3EFE-CD69-47A6-B00A-D7E7B9A875AB}.Release|iPhoneSimulator.Build.0 = Release|iPhoneSimulator
		{DAFE3EFE-CD69-47A6-B00A-D7E7B9A875AB}.Release|iPhoneSimulator.Deploy.0 = Release|iPhoneSimulator
		{DAFE3EFE-CD69-47A6-B00A-D7E7B9A875AB}.Release|x64.ActiveCfg = Release|iPhone
		{DAFE3EFE-CD69-47A6-B00A-D7E7B9A875AB}.Release|x64.Build.0 = Release|iPhone
		{DAFE3EFE-CD69-47A6-B00A-D7E7B9A875AB}.Release|x64.Deploy.0 = Release|iPhone
		{DAFE3EFE-CD69-47A6-B00A-D7E7B9A875AB}.Release|x86.ActiveCfg = Release|iPhone
		{DAFE3EFE-CD69-47A6-B00A-D7E7B9A875AB}.Release|x86.Build.0 = Release|iPhone
		{DAFE3EFE-CD69-47A6-B00A-D7E7B9A875AB}.Release|x86.Deploy.0 = Release|iPhone
		{33BEFC0E-C333-4C18-922B-FEA25EDB1013}.Ad-Hoc|Any CPU.ActiveCfg = Release|x86
		{33BEFC0E-C333-4C18-922B-FEA25EDB1013}.Ad-Hoc|Any CPU.Build.0 = Release|x86
		{33BEFC0E-C333-4C18-922B-FEA25EDB1013}.Ad-Hoc|Any CPU.Deploy.0 = Release|x86
		{33BEFC0E-C333-4C18-922B-FEA25EDB1013}.Ad-Hoc|ARM.ActiveCfg = Release|ARM
		{33BEFC0E-C333-4C18-922B-FEA25EDB1013}.Ad-Hoc|ARM.Build.0 = Release|ARM
		{33BEFC0E-C333-4C18-922B-FEA25EDB1013}.Ad-Hoc|ARM.Deploy.0 = Release|ARM
		{33BEFC0E-C333-4C18-922B-FEA25EDB1013}.Ad-Hoc|iPhone.ActiveCfg = Release|x86
		{33BEFC0E-C333-4C18-922B-FEA25EDB1013}.Ad-Hoc|iPhone.Build.0 = Release|x86
		{33BEFC0E-C333-4C18-922B-FEA25EDB1013}.Ad-Hoc|iPhone.Deploy.0 = Release|x86
		{33BEFC0E-C333-4C18-922B-FEA25EDB1013}.Ad-Hoc|iPhoneSimulator.ActiveCfg = Release|x86
		{33BEFC0E-C333-4C18-922B-FEA25EDB1013}.Ad-Hoc|iPhoneSimulator.Build.0 = Release|x86
		{33BEFC0E-C333-4C18-922B-FEA25EDB1013}.Ad-Hoc|iPhoneSimulator.Deploy.0 = Release|x86
		{33BEFC0E-C333-4C18-922B-FEA25EDB1013}.Ad-Hoc|x64.ActiveCfg = Release|x64
		{33BEFC0E-C333-4C18-922B-FEA25EDB1013}.Ad-Hoc|x64.Build.0 = Release|x64
		{33BEFC0E-C333-4C18-922B-FEA25EDB1013}.Ad-Hoc|x64.Deploy.0 = Release|x64
		{33BEFC0E-C333-4C18-922B-FEA25EDB1013}.Ad-Hoc|x86.ActiveCfg = Release|x86
		{33BEFC0E-C333-4C18-922B-FEA25EDB1013}.Ad-Hoc|x86.Build.0 = Release|x86
		{33BEFC0E-C333-4C18-922B-FEA25EDB1013}.Ad-Hoc|x86.Deploy.0 = Release|x86
		{33BEFC0E-C333-4C18-922B-FEA25EDB1013}.AppStore|Any CPU.ActiveCfg = Release|x86
		{33BEFC0E-C333-4C18-922B-FEA25EDB1013}.AppStore|Any CPU.Build.0 = Release|x86
		{33BEFC0E-C333-4C18-922B-FEA25EDB1013}.AppStore|Any CPU.Deploy.0 = Release|x86
		{33BEFC0E-C333-4C18-922B-FEA25EDB1013}.AppStore|ARM.ActiveCfg = Release|ARM
		{33BEFC0E-C333-4C18-922B-FEA25EDB1013}.AppStore|ARM.Build.0 = Release|ARM
		{33BEFC0E-C333-4C18-922B-FEA25EDB1013}.AppStore|ARM.Deploy.0 = Release|ARM
		{33BEFC0E-C333-4C18-922B-FEA25EDB1013}.AppStore|iPhone.ActiveCfg = Release|x86
		{33BEFC0E-C333-4C18-922B-FEA25EDB1013}.AppStore|iPhone.Build.0 = Release|x86
		{33BEFC0E-C333-4C18-922B-FEA25EDB1013}.AppStore|iPhone.Deploy.0 = Release|x86
		{33BEFC0E-C333-4C18-922B-FEA25EDB1013}.AppStore|iPhoneSimulator.ActiveCfg = Release|x86
		{33BEFC0E-C333-4C18-922B-FEA25EDB1013}.AppStore|iPhoneSimulator.Build.0 = Release|x86
		{33BEFC0E-C333-4C18-922B-FEA25EDB1013}.AppStore|iPhoneSimulator.Deploy.0 = Release|x86
		{33BEFC0E-C333-4C18-922B-FEA25EDB1013}.AppStore|x64.ActiveCfg = Release|x64
		{33BEFC0E-C333-4C18-922B-FEA25EDB1013}.AppStore|x64.Build.0 = Release|x64
		{33BEFC0E-C333-4C18-922B-FEA25EDB1013}.AppStore|x64.Deploy.0 = Release|x64
		{33BEFC0E-C333-4C18-922B-FEA25EDB1013}.AppStore|x86.ActiveCfg = Release|x86
		{33BEFC0E-C333-4C18-922B-FEA25EDB1013}.AppStore|x86.Build.0 = Release|x86
		{33BEFC0E-C333-4C18-922B-FEA25EDB1013}.AppStore|x86.Deploy.0 = Release|x86
		{33BEFC0E-C333-4C18-922B-FEA25EDB1013}.Debug|Any CPU.ActiveCfg = Debug|x86
		{33BEFC0E-C333-4C18-922B-FEA25EDB1013}.Debug|Any CPU.Build.0 = Debug|x86
		{33BEFC0E-C333-4C18-922B-FEA25EDB1013}.Debug|Any CPU.Deploy.0 = Debug|x86
		{33BEFC0E-C333-4C18-922B-FEA25EDB1013}.Debug|ARM.ActiveCfg = Debug|ARM
		{33BEFC0E-C333-4C18-922B-FEA25EDB1013}.Debug|ARM.Build.0 = Debug|ARM
		{33BEFC0E-C333-4C18-922B-FEA25EDB1013}.Debug|ARM.Deploy.0 = Debug|ARM
		{33BEFC0E-C333-4C18-922B-FEA25EDB1013}.Debug|iPhone.ActiveCfg = Debug|x86
		{33BEFC0E-C333-4C18-922B-FEA25EDB1013}.Debug|iPhone.Build.0 = Debug|x86
		{33BEFC0E-C333-4C18-922B-FEA25EDB1013}.Debug|iPhone.Deploy.0 = Debug|x86
		{33BEFC0E-C333-4C18-922B-FEA25EDB1013}.Debug|iPhoneSimulator.ActiveCfg = Debug|x86
		{33BEFC0E-C333-4C18-922B-FEA25EDB1013}.Debug|iPhoneSimulator.Build.0 = Debug|x86
		{33BEFC0E-C333-4C18-922B-FEA25EDB1013}.Debug|iPhoneSimulator.Deploy.0 = Debug|x86
		{33BEFC0E-C333-4C18-922B-FEA25EDB1013}.Debug|x64.ActiveCfg = Debug|x64
		{33BEFC0E-C333-4C18-922B-FEA25EDB1013}.Debug|x64.Build.0 = Debug|x64
		{33BEFC0E-C333-4C18-922B-FEA25EDB1013}.Debug|x64.Deploy.0 = Debug|x64
		{33BEFC0E-C333-4C18-922B-FEA25EDB1013}.Debug|x86.ActiveCfg = Debug|x86
		{33BEFC0E-C333-4C18-922B-FEA25EDB1013}.Debug|x86.Build.0 = Debug|x86
		{33BEFC0E-C333-4C18-922B-FEA25EDB1013}.Debug|x86.Deploy.0 = Debug|x86
		{33BEFC0E-C333-4C18-922B-FEA25EDB1013}.Release|Any CPU.ActiveCfg = Release|x86
		{33BEFC0E-C333-4C18-922B-FEA25EDB1013}.Release|Any CPU.Build.0 = Release|x86
		{33BEFC0E-C333-4C18-922B-FEA25EDB1013}.Release|Any CPU.Deploy.0 = Release|x86
		{33BEFC0E-C333-4C18-922B-FEA25EDB1013}.Release|ARM.ActiveCfg = Release|ARM
		{33BEFC0E-C333-4C18-922B-FEA25EDB1013}.Release|ARM.Build.0 = Release|ARM
		{33BEFC0E-C333-4C18-922B-FEA25EDB1013}.Release|ARM.Deploy.0 = Release|ARM
		{33BEFC0E-C333-4C18-922B-FEA25EDB1013}.Release|iPhone.ActiveCfg = Release|x86
		{33BEFC0E-C333-4C18-922B-FEA25EDB1013}.Release|iPhone.Build.0 = Release|x86
		{33BEFC0E-C333-4C18-922B-FEA25EDB1013}.Release|iPhone.Deploy.0 = Release|x86
		{33BEFC0E-C333-4C18-922B-FEA25EDB1013}.Release|iPhoneSimulator.ActiveCfg = Release|x86
		{33BEFC0E-C333-4C18-922B-FEA25EDB1013}.Release|iPhoneSimulator.Build.0 = Release|x86
		{33BEFC0E-C333-4C18-922B-FEA25EDB1013}.Release|iPhoneSimulator.Deploy.0 = Release|x86
		{33BEFC0E-C333-4C18-922B-FEA25EDB1013}.Release|x64.ActiveCfg = Release|x64
		{33BEFC0E-C333-4C18-922B-FEA25EDB1013}.Release|x64.Build.0 = Release|x64
		{33BEFC0E-C333-4C18-922B-FEA25EDB1013}.Release|x64.Deploy.0 = Release|x64
		{33BEFC0E-C333-4C18-922B-FEA25EDB1013}.Release|x86.ActiveCfg = Release|x86
		{33BEFC0E-C333-4C18-922B-FEA25EDB1013}.Release|x86.Build.0 = Release|x86
		{33BEFC0E-C333-4C18-922B-FEA25EDB1013}.Release|x86.Deploy.0 = Release|x86
		{5873A401-255E-48AD-A71E-80E12C1ADAB4}.Ad-Hoc|Any CPU.ActiveCfg = Debug|Any CPU
		{5873A401-255E-48AD-A71E-80E12C1ADAB4}.Ad-Hoc|Any CPU.Build.0 = Debug|Any CPU
		{5873A401-255E-48AD-A71E-80E12C1ADAB4}.Ad-Hoc|Any CPU.Deploy.0 = Debug|Any CPU
		{5873A401-255E-48AD-A71E-80E12C1ADAB4}.Ad-Hoc|ARM.ActiveCfg = Debug|Any CPU
		{5873A401-255E-48AD-A71E-80E12C1ADAB4}.Ad-Hoc|ARM.Build.0 = Debug|Any CPU
		{5873A401-255E-48AD-A71E-80E12C1ADAB4}.Ad-Hoc|ARM.Deploy.0 = Debug|Any CPU
		{5873A401-255E-48AD-A71E-80E12C1ADAB4}.Ad-Hoc|iPhone.ActiveCfg = Debug|Any CPU
		{5873A401-255E-48AD-A71E-80E12C1ADAB4}.Ad-Hoc|iPhone.Build.0 = Debug|Any CPU
		{5873A401-255E-48AD-A71E-80E12C1ADAB4}.Ad-Hoc|iPhone.Deploy.0 = Debug|Any CPU
		{5873A401-255E-48AD-A71E-80E12C1ADAB4}.Ad-Hoc|iPhoneSimulator.ActiveCfg = Debug|Any CPU
		{5873A401-255E-48AD-A71E-80E12C1ADAB4}.Ad-Hoc|iPhoneSimulator.Build.0 = Debug|Any CPU
		{5873A401-255E-48AD-A71E-80E12C1ADAB4}.Ad-Hoc|iPhoneSimulator.Deploy.0 = Debug|Any CPU
		{5873A401-255E-48AD-A71E-80E12C1ADAB4}.Ad-Hoc|x64.ActiveCfg = Debug|Any CPU
		{5873A401-255E-48AD-A71E-80E12C1ADAB4}.Ad-Hoc|x64.Build.0 = Debug|Any CPU
		{5873A401-255E-48AD-A71E-80E12C1ADAB4}.Ad-Hoc|x64.Deploy.0 = Debug|Any CPU
		{5873A401-255E-48AD-A71E-80E12C1ADAB4}.Ad-Hoc|x86.ActiveCfg = Debug|Any CPU
		{5873A401-255E-48AD-A71E-80E12C1ADAB4}.Ad-Hoc|x86.Build.0 = Debug|Any CPU
		{5873A401-255E-48AD-A71E-80E12C1ADAB4}.Ad-Hoc|x86.Deploy.0 = Debug|Any CPU
		{5873A401-255E-48AD-A71E-80E12C1ADAB4}.AppStore|Any CPU.ActiveCfg = Debug|Any CPU
		{5873A401-255E-48AD-A71E-80E12C1ADAB4}.AppStore|Any CPU.Build.0 = Debug|Any CPU
		{5873A401-255E-48AD-A71E-80E12C1ADAB4}.AppStore|Any CPU.Deploy.0 = Debug|Any CPU
		{5873A401-255E-48AD-A71E-80E12C1ADAB4}.AppStore|ARM.ActiveCfg = Debug|Any CPU
		{5873A401-255E-48AD-A71E-80E12C1ADAB4}.AppStore|ARM.Build.0 = Debug|Any CPU
		{5873A401-255E-48AD-A71E-80E12C1ADAB4}.AppStore|ARM.Deploy.0 = Debug|Any CPU
		{5873A401-255E-48AD-A71E-80E12C1ADAB4}.AppStore|iPhone.ActiveCfg = Debug|Any CPU
		{5873A401-255E-48AD-A71E-80E12C1ADAB4}.AppStore|iPhone.Build.0 = Debug|Any CPU
		{5873A401-255E-48AD-A71E-80E12C1ADAB4}.AppStore|iPhone.Deploy.0 = Debug|Any CPU
		{5873A401-255E-48AD-A71E-80E12C1ADAB4}.AppStore|iPhoneSimulator.ActiveCfg = Debug|Any CPU
		{5873A401-255E-48AD-A71E-80E12C1ADAB4}.AppStore|iPhoneSimulator.Build.0 = Debug|Any CPU
		{5873A401-255E-48AD-A71E-80E12C1ADAB4}.AppStore|iPhoneSimulator.Deploy.0 = Debug|Any CPU
		{5873A401-255E-48AD-A71E-80E12C1ADAB4}.AppStore|x64.ActiveCfg = Debug|Any CPU
		{5873A401-255E-48AD-A71E-80E12C1ADAB4}.AppStore|x64.Build.0 = Debug|Any CPU
		{5873A401-255E-48AD-A71E-80E12C1ADAB4}.AppStore|x64.Deploy.0 = Debug|Any CPU
		{5873A401-255E-48AD-A71E-80E12C1ADAB4}.AppStore|x86.ActiveCfg = Debug|Any CPU
		{5873A401-255E-48AD-A71E-80E12C1ADAB4}.AppStore|x86.Build.0 = Debug|Any CPU
		{5873A401-255E-48AD-A71E-80E12C1ADAB4}.AppStore|x86.Deploy.0 = Debug|Any CPU
		{5873A401-255E-48AD-A71E-80E12C1ADAB4}.Debug|Any CPU.ActiveCfg = Debug|Any CPU
		{5873A401-255E-48AD-A71E-80E12C1ADAB4}.Debug|Any CPU.Build.0 = Debug|Any CPU
		{5873A401-255E-48AD-A71E-80E12C1ADAB4}.Debug|Any CPU.Deploy.0 = Debug|Any CPU
		{5873A401-255E-48AD-A71E-80E12C1ADAB4}.Debug|ARM.ActiveCfg = Debug|Any CPU
		{5873A401-255E-48AD-A71E-80E12C1ADAB4}.Debug|ARM.Build.0 = Debug|Any CPU
		{5873A401-255E-48AD-A71E-80E12C1ADAB4}.Debug|ARM.Deploy.0 = Debug|Any CPU
		{5873A401-255E-48AD-A71E-80E12C1ADAB4}.Debug|iPhone.ActiveCfg = Debug|Any CPU
		{5873A401-255E-48AD-A71E-80E12C1ADAB4}.Debug|iPhone.Build.0 = Debug|Any CPU
		{5873A401-255E-48AD-A71E-80E12C1ADAB4}.Debug|iPhone.Deploy.0 = Debug|Any CPU
		{5873A401-255E-48AD-A71E-80E12C1ADAB4}.Debug|iPhoneSimulator.ActiveCfg = Debug|Any CPU
		{5873A401-255E-48AD-A71E-80E12C1ADAB4}.Debug|iPhoneSimulator.Build.0 = Debug|Any CPU
		{5873A401-255E-48AD-A71E-80E12C1ADAB4}.Debug|iPhoneSimulator.Deploy.0 = Debug|Any CPU
		{5873A401-255E-48AD-A71E-80E12C1ADAB4}.Debug|x64.ActiveCfg = Debug|Any CPU
		{5873A401-255E-48AD-A71E-80E12C1ADAB4}.Debug|x64.Build.0 = Debug|Any CPU
		{5873A401-255E-48AD-A71E-80E12C1ADAB4}.Debug|x64.Deploy.0 = Debug|Any CPU
		{5873A401-255E-48AD-A71E-80E12C1ADAB4}.Debug|x86.ActiveCfg = Debug|Any CPU
		{5873A401-255E-48AD-A71E-80E12C1ADAB4}.Debug|x86.Build.0 = Debug|Any CPU
		{5873A401-255E-48AD-A71E-80E12C1ADAB4}.Debug|x86.Deploy.0 = Debug|Any CPU
		{5873A401-255E-48AD-A71E-80E12C1ADAB4}.Release|Any CPU.ActiveCfg = Release|Any CPU
		{5873A401-255E-48AD-A71E-80E12C1ADAB4}.Release|Any CPU.Build.0 = Release|Any CPU
		{5873A401-255E-48AD-A71E-80E12C1ADAB4}.Release|Any CPU.Deploy.0 = Release|Any CPU
		{5873A401-255E-48AD-A71E-80E12C1ADAB4}.Release|ARM.ActiveCfg = Release|Any CPU
		{5873A401-255E-48AD-A71E-80E12C1ADAB4}.Release|ARM.Build.0 = Release|Any CPU
		{5873A401-255E-48AD-A71E-80E12C1ADAB4}.Release|ARM.Deploy.0 = Release|Any CPU
		{5873A401-255E-48AD-A71E-80E12C1ADAB4}.Release|iPhone.ActiveCfg = Release|Any CPU
		{5873A401-255E-48AD-A71E-80E12C1ADAB4}.Release|iPhone.Build.0 = Release|Any CPU
		{5873A401-255E-48AD-A71E-80E12C1ADAB4}.Release|iPhone.Deploy.0 = Release|Any CPU
		{5873A401-255E-48AD-A71E-80E12C1ADAB4}.Release|iPhoneSimulator.ActiveCfg = Release|Any CPU
		{5873A401-255E-48AD-A71E-80E12C1ADAB4}.Release|iPhoneSimulator.Build.0 = Release|Any CPU
		{5873A401-255E-48AD-A71E-80E12C1ADAB4}.Release|iPhoneSimulator.Deploy.0 = Release|Any CPU
		{5873A401-255E-48AD-A71E-80E12C1ADAB4}.Release|x64.ActiveCfg = Release|Any CPU
		{5873A401-255E-48AD-A71E-80E12C1ADAB4}.Release|x64.Build.0 = Release|Any CPU
		{5873A401-255E-48AD-A71E-80E12C1ADAB4}.Release|x64.Deploy.0 = Release|Any CPU
		{5873A401-255E-48AD-A71E-80E12C1ADAB4}.Release|x86.ActiveCfg = Release|Any CPU
		{5873A401-255E-48AD-A71E-80E12C1ADAB4}.Release|x86.Build.0 = Release|Any CPU
		{5873A401-255E-48AD-A71E-80E12C1ADAB4}.Release|x86.Deploy.0 = Release|Any CPU
		{F23EC155-7A7F-4D24-9040-21E1DFE6D7EB}.Ad-Hoc|Any CPU.ActiveCfg = Release|Any CPU
		{F23EC155-7A7F-4D24-9040-21E1DFE6D7EB}.Ad-Hoc|Any CPU.Build.0 = Release|Any CPU
		{F23EC155-7A7F-4D24-9040-21E1DFE6D7EB}.Ad-Hoc|ARM.ActiveCfg = Release|Any CPU
		{F23EC155-7A7F-4D24-9040-21E1DFE6D7EB}.Ad-Hoc|ARM.Build.0 = Release|Any CPU
		{F23EC155-7A7F-4D24-9040-21E1DFE6D7EB}.Ad-Hoc|iPhone.ActiveCfg = Release|Any CPU
		{F23EC155-7A7F-4D24-9040-21E1DFE6D7EB}.Ad-Hoc|iPhone.Build.0 = Release|Any CPU
		{F23EC155-7A7F-4D24-9040-21E1DFE6D7EB}.Ad-Hoc|iPhoneSimulator.ActiveCfg = Release|Any CPU
		{F23EC155-7A7F-4D24-9040-21E1DFE6D7EB}.Ad-Hoc|iPhoneSimulator.Build.0 = Release|Any CPU
		{F23EC155-7A7F-4D24-9040-21E1DFE6D7EB}.Ad-Hoc|x64.ActiveCfg = Release|Any CPU
		{F23EC155-7A7F-4D24-9040-21E1DFE6D7EB}.Ad-Hoc|x64.Build.0 = Release|Any CPU
		{F23EC155-7A7F-4D24-9040-21E1DFE6D7EB}.Ad-Hoc|x86.ActiveCfg = Release|Any CPU
		{F23EC155-7A7F-4D24-9040-21E1DFE6D7EB}.Ad-Hoc|x86.Build.0 = Release|Any CPU
		{F23EC155-7A7F-4D24-9040-21E1DFE6D7EB}.AppStore|Any CPU.ActiveCfg = Release|Any CPU
		{F23EC155-7A7F-4D24-9040-21E1DFE6D7EB}.AppStore|Any CPU.Build.0 = Release|Any CPU
		{F23EC155-7A7F-4D24-9040-21E1DFE6D7EB}.AppStore|ARM.ActiveCfg = Release|Any CPU
		{F23EC155-7A7F-4D24-9040-21E1DFE6D7EB}.AppStore|ARM.Build.0 = Release|Any CPU
		{F23EC155-7A7F-4D24-9040-21E1DFE6D7EB}.AppStore|iPhone.ActiveCfg = Release|Any CPU
		{F23EC155-7A7F-4D24-9040-21E1DFE6D7EB}.AppStore|iPhone.Build.0 = Release|Any CPU
		{F23EC155-7A7F-4D24-9040-21E1DFE6D7EB}.AppStore|iPhoneSimulator.ActiveCfg = Release|Any CPU
		{F23EC155-7A7F-4D24-9040-21E1DFE6D7EB}.AppStore|iPhoneSimulator.Build.0 = Release|Any CPU
		{F23EC155-7A7F-4D24-9040-21E1DFE6D7EB}.AppStore|x64.ActiveCfg = Release|Any CPU
		{F23EC155-7A7F-4D24-9040-21E1DFE6D7EB}.AppStore|x64.Build.0 = Release|Any CPU
		{F23EC155-7A7F-4D24-9040-21E1DFE6D7EB}.AppStore|x86.ActiveCfg = Release|Any CPU
		{F23EC155-7A7F-4D24-9040-21E1DFE6D7EB}.AppStore|x86.Build.0 = Release|Any CPU
		{F23EC155-7A7F-4D24-9040-21E1DFE6D7EB}.Debug|Any CPU.ActiveCfg = Debug|Any CPU
		{F23EC155-7A7F-4D24-9040-21E1DFE6D7EB}.Debug|Any CPU.Build.0 = Debug|Any CPU
		{F23EC155-7A7F-4D24-9040-21E1DFE6D7EB}.Debug|ARM.ActiveCfg = Debug|Any CPU
		{F23EC155-7A7F-4D24-9040-21E1DFE6D7EB}.Debug|ARM.Build.0 = Debug|Any CPU
		{F23EC155-7A7F-4D24-9040-21E1DFE6D7EB}.Debug|iPhone.ActiveCfg = Debug|Any CPU
		{F23EC155-7A7F-4D24-9040-21E1DFE6D7EB}.Debug|iPhone.Build.0 = Debug|Any CPU
		{F23EC155-7A7F-4D24-9040-21E1DFE6D7EB}.Debug|iPhoneSimulator.ActiveCfg = Debug|Any CPU
		{F23EC155-7A7F-4D24-9040-21E1DFE6D7EB}.Debug|iPhoneSimulator.Build.0 = Debug|Any CPU
		{F23EC155-7A7F-4D24-9040-21E1DFE6D7EB}.Debug|x64.ActiveCfg = Debug|Any CPU
		{F23EC155-7A7F-4D24-9040-21E1DFE6D7EB}.Debug|x64.Build.0 = Debug|Any CPU
		{F23EC155-7A7F-4D24-9040-21E1DFE6D7EB}.Debug|x86.ActiveCfg = Debug|Any CPU
		{F23EC155-7A7F-4D24-9040-21E1DFE6D7EB}.Debug|x86.Build.0 = Debug|Any CPU
		{F23EC155-7A7F-4D24-9040-21E1DFE6D7EB}.Release|Any CPU.ActiveCfg = Release|Any CPU
		{F23EC155-7A7F-4D24-9040-21E1DFE6D7EB}.Release|Any CPU.Build.0 = Release|Any CPU
		{F23EC155-7A7F-4D24-9040-21E1DFE6D7EB}.Release|ARM.ActiveCfg = Release|Any CPU
		{F23EC155-7A7F-4D24-9040-21E1DFE6D7EB}.Release|ARM.Build.0 = Release|Any CPU
		{F23EC155-7A7F-4D24-9040-21E1DFE6D7EB}.Release|iPhone.ActiveCfg = Release|Any CPU
		{F23EC155-7A7F-4D24-9040-21E1DFE6D7EB}.Release|iPhone.Build.0 = Release|Any CPU
		{F23EC155-7A7F-4D24-9040-21E1DFE6D7EB}.Release|iPhoneSimulator.ActiveCfg = Release|Any CPU
		{F23EC155-7A7F-4D24-9040-21E1DFE6D7EB}.Release|iPhoneSimulator.Build.0 = Release|Any CPU
		{F23EC155-7A7F-4D24-9040-21E1DFE6D7EB}.Release|x64.ActiveCfg = Release|Any CPU
		{F23EC155-7A7F-4D24-9040-21E1DFE6D7EB}.Release|x64.Build.0 = Release|Any CPU
		{F23EC155-7A7F-4D24-9040-21E1DFE6D7EB}.Release|x86.ActiveCfg = Release|Any CPU
		{F23EC155-7A7F-4D24-9040-21E1DFE6D7EB}.Release|x86.Build.0 = Release|Any CPU
		{7F5C6FD5-CFE9-487A-A14A-50E9776E0D38}.Ad-Hoc|Any CPU.ActiveCfg = Release|Any CPU
		{7F5C6FD5-CFE9-487A-A14A-50E9776E0D38}.Ad-Hoc|Any CPU.Build.0 = Release|Any CPU
		{7F5C6FD5-CFE9-487A-A14A-50E9776E0D38}.Ad-Hoc|ARM.ActiveCfg = Release|Any CPU
		{7F5C6FD5-CFE9-487A-A14A-50E9776E0D38}.Ad-Hoc|ARM.Build.0 = Release|Any CPU
		{7F5C6FD5-CFE9-487A-A14A-50E9776E0D38}.Ad-Hoc|iPhone.ActiveCfg = Release|Any CPU
		{7F5C6FD5-CFE9-487A-A14A-50E9776E0D38}.Ad-Hoc|iPhone.Build.0 = Release|Any CPU
		{7F5C6FD5-CFE9-487A-A14A-50E9776E0D38}.Ad-Hoc|iPhoneSimulator.ActiveCfg = Release|Any CPU
		{7F5C6FD5-CFE9-487A-A14A-50E9776E0D38}.Ad-Hoc|iPhoneSimulator.Build.0 = Release|Any CPU
		{7F5C6FD5-CFE9-487A-A14A-50E9776E0D38}.Ad-Hoc|x64.ActiveCfg = Release|Any CPU
		{7F5C6FD5-CFE9-487A-A14A-50E9776E0D38}.Ad-Hoc|x64.Build.0 = Release|Any CPU
		{7F5C6FD5-CFE9-487A-A14A-50E9776E0D38}.Ad-Hoc|x86.ActiveCfg = Release|Any CPU
		{7F5C6FD5-CFE9-487A-A14A-50E9776E0D38}.Ad-Hoc|x86.Build.0 = Release|Any CPU
		{7F5C6FD5-CFE9-487A-A14A-50E9776E0D38}.AppStore|Any CPU.ActiveCfg = Release|Any CPU
		{7F5C6FD5-CFE9-487A-A14A-50E9776E0D38}.AppStore|Any CPU.Build.0 = Release|Any CPU
		{7F5C6FD5-CFE9-487A-A14A-50E9776E0D38}.AppStore|ARM.ActiveCfg = Release|Any CPU
		{7F5C6FD5-CFE9-487A-A14A-50E9776E0D38}.AppStore|ARM.Build.0 = Release|Any CPU
		{7F5C6FD5-CFE9-487A-A14A-50E9776E0D38}.AppStore|iPhone.ActiveCfg = Release|Any CPU
		{7F5C6FD5-CFE9-487A-A14A-50E9776E0D38}.AppStore|iPhone.Build.0 = Release|Any CPU
		{7F5C6FD5-CFE9-487A-A14A-50E9776E0D38}.AppStore|iPhoneSimulator.ActiveCfg = Release|Any CPU
		{7F5C6FD5-CFE9-487A-A14A-50E9776E0D38}.AppStore|iPhoneSimulator.Build.0 = Release|Any CPU
		{7F5C6FD5-CFE9-487A-A14A-50E9776E0D38}.AppStore|x64.ActiveCfg = Release|Any CPU
		{7F5C6FD5-CFE9-487A-A14A-50E9776E0D38}.AppStore|x64.Build.0 = Release|Any CPU
		{7F5C6FD5-CFE9-487A-A14A-50E9776E0D38}.AppStore|x86.ActiveCfg = Release|Any CPU
		{7F5C6FD5-CFE9-487A-A14A-50E9776E0D38}.AppStore|x86.Build.0 = Release|Any CPU
		{7F5C6FD5-CFE9-487A-A14A-50E9776E0D38}.Debug|Any CPU.ActiveCfg = Debug|Any CPU
		{7F5C6FD5-CFE9-487A-A14A-50E9776E0D38}.Debug|Any CPU.Build.0 = Debug|Any CPU
		{7F5C6FD5-CFE9-487A-A14A-50E9776E0D38}.Debug|ARM.ActiveCfg = Debug|Any CPU
		{7F5C6FD5-CFE9-487A-A14A-50E9776E0D38}.Debug|ARM.Build.0 = Debug|Any CPU
		{7F5C6FD5-CFE9-487A-A14A-50E9776E0D38}.Debug|iPhone.ActiveCfg = Debug|Any CPU
		{7F5C6FD5-CFE9-487A-A14A-50E9776E0D38}.Debug|iPhone.Build.0 = Debug|Any CPU
		{7F5C6FD5-CFE9-487A-A14A-50E9776E0D38}.Debug|iPhoneSimulator.ActiveCfg = Debug|Any CPU
		{7F5C6FD5-CFE9-487A-A14A-50E9776E0D38}.Debug|iPhoneSimulator.Build.0 = Debug|Any CPU
		{7F5C6FD5-CFE9-487A-A14A-50E9776E0D38}.Debug|x64.ActiveCfg = Debug|Any CPU
		{7F5C6FD5-CFE9-487A-A14A-50E9776E0D38}.Debug|x64.Build.0 = Debug|Any CPU
		{7F5C6FD5-CFE9-487A-A14A-50E9776E0D38}.Debug|x86.ActiveCfg = Debug|Any CPU
		{7F5C6FD5-CFE9-487A-A14A-50E9776E0D38}.Debug|x86.Build.0 = Debug|Any CPU
		{7F5C6FD5-CFE9-487A-A14A-50E9776E0D38}.Release|Any CPU.ActiveCfg = Release|Any CPU
		{7F5C6FD5-CFE9-487A-A14A-50E9776E0D38}.Release|Any CPU.Build.0 = Release|Any CPU
		{7F5C6FD5-CFE9-487A-A14A-50E9776E0D38}.Release|ARM.ActiveCfg = Release|Any CPU
		{7F5C6FD5-CFE9-487A-A14A-50E9776E0D38}.Release|ARM.Build.0 = Release|Any CPU
		{7F5C6FD5-CFE9-487A-A14A-50E9776E0D38}.Release|iPhone.ActiveCfg = Release|Any CPU
		{7F5C6FD5-CFE9-487A-A14A-50E9776E0D38}.Release|iPhone.Build.0 = Release|Any CPU
		{7F5C6FD5-CFE9-487A-A14A-50E9776E0D38}.Release|iPhoneSimulator.ActiveCfg = Release|Any CPU
		{7F5C6FD5-CFE9-487A-A14A-50E9776E0D38}.Release|iPhoneSimulator.Build.0 = Release|Any CPU
		{7F5C6FD5-CFE9-487A-A14A-50E9776E0D38}.Release|x64.ActiveCfg = Release|Any CPU
		{7F5C6FD5-CFE9-487A-A14A-50E9776E0D38}.Release|x64.Build.0 = Release|Any CPU
		{7F5C6FD5-CFE9-487A-A14A-50E9776E0D38}.Release|x86.ActiveCfg = Release|Any CPU
		{7F5C6FD5-CFE9-487A-A14A-50E9776E0D38}.Release|x86.Build.0 = Release|Any CPU
		{ED10EF32-CFED-4F56-AD8A-6D79C45638F3}.Ad-Hoc|Any CPU.ActiveCfg = Release|Any CPU
		{ED10EF32-CFED-4F56-AD8A-6D79C45638F3}.Ad-Hoc|Any CPU.Build.0 = Release|Any CPU
		{ED10EF32-CFED-4F56-AD8A-6D79C45638F3}.Ad-Hoc|ARM.ActiveCfg = Release|Any CPU
		{ED10EF32-CFED-4F56-AD8A-6D79C45638F3}.Ad-Hoc|ARM.Build.0 = Release|Any CPU
		{ED10EF32-CFED-4F56-AD8A-6D79C45638F3}.Ad-Hoc|iPhone.ActiveCfg = Release|Any CPU
		{ED10EF32-CFED-4F56-AD8A-6D79C45638F3}.Ad-Hoc|iPhone.Build.0 = Release|Any CPU
		{ED10EF32-CFED-4F56-AD8A-6D79C45638F3}.Ad-Hoc|iPhoneSimulator.ActiveCfg = Release|Any CPU
		{ED10EF32-CFED-4F56-AD8A-6D79C45638F3}.Ad-Hoc|iPhoneSimulator.Build.0 = Release|Any CPU
		{ED10EF32-CFED-4F56-AD8A-6D79C45638F3}.Ad-Hoc|x64.ActiveCfg = Release|Any CPU
		{ED10EF32-CFED-4F56-AD8A-6D79C45638F3}.Ad-Hoc|x64.Build.0 = Release|Any CPU
		{ED10EF32-CFED-4F56-AD8A-6D79C45638F3}.Ad-Hoc|x86.ActiveCfg = Release|Any CPU
		{ED10EF32-CFED-4F56-AD8A-6D79C45638F3}.Ad-Hoc|x86.Build.0 = Release|Any CPU
		{ED10EF32-CFED-4F56-AD8A-6D79C45638F3}.AppStore|Any CPU.ActiveCfg = Release|Any CPU
		{ED10EF32-CFED-4F56-AD8A-6D79C45638F3}.AppStore|Any CPU.Build.0 = Release|Any CPU
		{ED10EF32-CFED-4F56-AD8A-6D79C45638F3}.AppStore|ARM.ActiveCfg = Release|Any CPU
		{ED10EF32-CFED-4F56-AD8A-6D79C45638F3}.AppStore|ARM.Build.0 = Release|Any CPU
		{ED10EF32-CFED-4F56-AD8A-6D79C45638F3}.AppStore|iPhone.ActiveCfg = Release|Any CPU
		{ED10EF32-CFED-4F56-AD8A-6D79C45638F3}.AppStore|iPhone.Build.0 = Release|Any CPU
		{ED10EF32-CFED-4F56-AD8A-6D79C45638F3}.AppStore|iPhoneSimulator.ActiveCfg = Release|Any CPU
		{ED10EF32-CFED-4F56-AD8A-6D79C45638F3}.AppStore|iPhoneSimulator.Build.0 = Release|Any CPU
		{ED10EF32-CFED-4F56-AD8A-6D79C45638F3}.AppStore|x64.ActiveCfg = Release|Any CPU
		{ED10EF32-CFED-4F56-AD8A-6D79C45638F3}.AppStore|x64.Build.0 = Release|Any CPU
		{ED10EF32-CFED-4F56-AD8A-6D79C45638F3}.AppStore|x86.ActiveCfg = Release|Any CPU
		{ED10EF32-CFED-4F56-AD8A-6D79C45638F3}.AppStore|x86.Build.0 = Release|Any CPU
		{ED10EF32-CFED-4F56-AD8A-6D79C45638F3}.Debug|Any CPU.ActiveCfg = Debug|Any CPU
		{ED10EF32-CFED-4F56-AD8A-6D79C45638F3}.Debug|Any CPU.Build.0 = Debug|Any CPU
		{ED10EF32-CFED-4F56-AD8A-6D79C45638F3}.Debug|ARM.ActiveCfg = Debug|Any CPU
		{ED10EF32-CFED-4F56-AD8A-6D79C45638F3}.Debug|ARM.Build.0 = Debug|Any CPU
		{ED10EF32-CFED-4F56-AD8A-6D79C45638F3}.Debug|iPhone.ActiveCfg = Debug|Any CPU
		{ED10EF32-CFED-4F56-AD8A-6D79C45638F3}.Debug|iPhone.Build.0 = Debug|Any CPU
		{ED10EF32-CFED-4F56-AD8A-6D79C45638F3}.Debug|iPhoneSimulator.ActiveCfg = Debug|Any CPU
		{ED10EF32-CFED-4F56-AD8A-6D79C45638F3}.Debug|iPhoneSimulator.Build.0 = Debug|Any CPU
		{ED10EF32-CFED-4F56-AD8A-6D79C45638F3}.Debug|x64.ActiveCfg = Debug|Any CPU
		{ED10EF32-CFED-4F56-AD8A-6D79C45638F3}.Debug|x64.Build.0 = Debug|Any CPU
		{ED10EF32-CFED-4F56-AD8A-6D79C45638F3}.Debug|x86.ActiveCfg = Debug|Any CPU
		{ED10EF32-CFED-4F56-AD8A-6D79C45638F3}.Debug|x86.Build.0 = Debug|Any CPU
		{ED10EF32-CFED-4F56-AD8A-6D79C45638F3}.Release|Any CPU.ActiveCfg = Release|Any CPU
		{ED10EF32-CFED-4F56-AD8A-6D79C45638F3}.Release|Any CPU.Build.0 = Release|Any CPU
		{ED10EF32-CFED-4F56-AD8A-6D79C45638F3}.Release|ARM.ActiveCfg = Release|Any CPU
		{ED10EF32-CFED-4F56-AD8A-6D79C45638F3}.Release|ARM.Build.0 = Release|Any CPU
		{ED10EF32-CFED-4F56-AD8A-6D79C45638F3}.Release|iPhone.ActiveCfg = Release|Any CPU
		{ED10EF32-CFED-4F56-AD8A-6D79C45638F3}.Release|iPhone.Build.0 = Release|Any CPU
		{ED10EF32-CFED-4F56-AD8A-6D79C45638F3}.Release|iPhoneSimulator.ActiveCfg = Release|Any CPU
		{ED10EF32-CFED-4F56-AD8A-6D79C45638F3}.Release|iPhoneSimulator.Build.0 = Release|Any CPU
		{ED10EF32-CFED-4F56-AD8A-6D79C45638F3}.Release|x64.ActiveCfg = Release|Any CPU
		{ED10EF32-CFED-4F56-AD8A-6D79C45638F3}.Release|x64.Build.0 = Release|Any CPU
		{ED10EF32-CFED-4F56-AD8A-6D79C45638F3}.Release|x86.ActiveCfg = Release|Any CPU
		{ED10EF32-CFED-4F56-AD8A-6D79C45638F3}.Release|x86.Build.0 = Release|Any CPU
		{4F2BDF26-93F1-4A49-B064-0700BB3D07C7}.Ad-Hoc|Any CPU.ActiveCfg = Release|Any CPU
		{4F2BDF26-93F1-4A49-B064-0700BB3D07C7}.Ad-Hoc|Any CPU.Build.0 = Release|Any CPU
		{4F2BDF26-93F1-4A49-B064-0700BB3D07C7}.Ad-Hoc|ARM.ActiveCfg = Release|Any CPU
		{4F2BDF26-93F1-4A49-B064-0700BB3D07C7}.Ad-Hoc|ARM.Build.0 = Release|Any CPU
		{4F2BDF26-93F1-4A49-B064-0700BB3D07C7}.Ad-Hoc|iPhone.ActiveCfg = Release|Any CPU
		{4F2BDF26-93F1-4A49-B064-0700BB3D07C7}.Ad-Hoc|iPhone.Build.0 = Release|Any CPU
		{4F2BDF26-93F1-4A49-B064-0700BB3D07C7}.Ad-Hoc|iPhoneSimulator.ActiveCfg = Release|Any CPU
		{4F2BDF26-93F1-4A49-B064-0700BB3D07C7}.Ad-Hoc|iPhoneSimulator.Build.0 = Release|Any CPU
		{4F2BDF26-93F1-4A49-B064-0700BB3D07C7}.Ad-Hoc|x64.ActiveCfg = Release|Any CPU
		{4F2BDF26-93F1-4A49-B064-0700BB3D07C7}.Ad-Hoc|x64.Build.0 = Release|Any CPU
		{4F2BDF26-93F1-4A49-B064-0700BB3D07C7}.Ad-Hoc|x86.ActiveCfg = Release|Any CPU
		{4F2BDF26-93F1-4A49-B064-0700BB3D07C7}.Ad-Hoc|x86.Build.0 = Release|Any CPU
		{4F2BDF26-93F1-4A49-B064-0700BB3D07C7}.AppStore|Any CPU.ActiveCfg = Release|Any CPU
		{4F2BDF26-93F1-4A49-B064-0700BB3D07C7}.AppStore|Any CPU.Build.0 = Release|Any CPU
		{4F2BDF26-93F1-4A49-B064-0700BB3D07C7}.AppStore|ARM.ActiveCfg = Release|Any CPU
		{4F2BDF26-93F1-4A49-B064-0700BB3D07C7}.AppStore|ARM.Build.0 = Release|Any CPU
		{4F2BDF26-93F1-4A49-B064-0700BB3D07C7}.AppStore|iPhone.ActiveCfg = Release|Any CPU
		{4F2BDF26-93F1-4A49-B064-0700BB3D07C7}.AppStore|iPhone.Build.0 = Release|Any CPU
		{4F2BDF26-93F1-4A49-B064-0700BB3D07C7}.AppStore|iPhoneSimulator.ActiveCfg = Release|Any CPU
		{4F2BDF26-93F1-4A49-B064-0700BB3D07C7}.AppStore|iPhoneSimulator.Build.0 = Release|Any CPU
		{4F2BDF26-93F1-4A49-B064-0700BB3D07C7}.AppStore|x64.ActiveCfg = Release|Any CPU
		{4F2BDF26-93F1-4A49-B064-0700BB3D07C7}.AppStore|x64.Build.0 = Release|Any CPU
		{4F2BDF26-93F1-4A49-B064-0700BB3D07C7}.AppStore|x86.ActiveCfg = Release|Any CPU
		{4F2BDF26-93F1-4A49-B064-0700BB3D07C7}.AppStore|x86.Build.0 = Release|Any CPU
		{4F2BDF26-93F1-4A49-B064-0700BB3D07C7}.Debug|Any CPU.ActiveCfg = Debug|Any CPU
		{4F2BDF26-93F1-4A49-B064-0700BB3D07C7}.Debug|Any CPU.Build.0 = Debug|Any CPU
		{4F2BDF26-93F1-4A49-B064-0700BB3D07C7}.Debug|ARM.ActiveCfg = Debug|Any CPU
		{4F2BDF26-93F1-4A49-B064-0700BB3D07C7}.Debug|ARM.Build.0 = Debug|Any CPU
		{4F2BDF26-93F1-4A49-B064-0700BB3D07C7}.Debug|iPhone.ActiveCfg = Debug|Any CPU
		{4F2BDF26-93F1-4A49-B064-0700BB3D07C7}.Debug|iPhone.Build.0 = Debug|Any CPU
		{4F2BDF26-93F1-4A49-B064-0700BB3D07C7}.Debug|iPhoneSimulator.ActiveCfg = Debug|Any CPU
		{4F2BDF26-93F1-4A49-B064-0700BB3D07C7}.Debug|iPhoneSimulator.Build.0 = Debug|Any CPU
		{4F2BDF26-93F1-4A49-B064-0700BB3D07C7}.Debug|x64.ActiveCfg = Debug|Any CPU
		{4F2BDF26-93F1-4A49-B064-0700BB3D07C7}.Debug|x64.Build.0 = Debug|Any CPU
		{4F2BDF26-93F1-4A49-B064-0700BB3D07C7}.Debug|x86.ActiveCfg = Debug|Any CPU
		{4F2BDF26-93F1-4A49-B064-0700BB3D07C7}.Debug|x86.Build.0 = Debug|Any CPU
		{4F2BDF26-93F1-4A49-B064-0700BB3D07C7}.Release|Any CPU.ActiveCfg = Release|Any CPU
		{4F2BDF26-93F1-4A49-B064-0700BB3D07C7}.Release|Any CPU.Build.0 = Release|Any CPU
		{4F2BDF26-93F1-4A49-B064-0700BB3D07C7}.Release|ARM.ActiveCfg = Release|Any CPU
		{4F2BDF26-93F1-4A49-B064-0700BB3D07C7}.Release|ARM.Build.0 = Release|Any CPU
		{4F2BDF26-93F1-4A49-B064-0700BB3D07C7}.Release|iPhone.ActiveCfg = Release|Any CPU
		{4F2BDF26-93F1-4A49-B064-0700BB3D07C7}.Release|iPhone.Build.0 = Release|Any CPU
		{4F2BDF26-93F1-4A49-B064-0700BB3D07C7}.Release|iPhoneSimulator.ActiveCfg = Release|Any CPU
		{4F2BDF26-93F1-4A49-B064-0700BB3D07C7}.Release|iPhoneSimulator.Build.0 = Release|Any CPU
		{4F2BDF26-93F1-4A49-B064-0700BB3D07C7}.Release|x64.ActiveCfg = Release|Any CPU
		{4F2BDF26-93F1-4A49-B064-0700BB3D07C7}.Release|x64.Build.0 = Release|Any CPU
		{4F2BDF26-93F1-4A49-B064-0700BB3D07C7}.Release|x86.ActiveCfg = Release|Any CPU
		{4F2BDF26-93F1-4A49-B064-0700BB3D07C7}.Release|x86.Build.0 = Release|Any CPU
	EndGlobalSection
	GlobalSection(SolutionProperties) = preSolution
		HideSolutionNode = FALSE
	EndGlobalSection
	GlobalSection(ExtensibilityGlobals) = postSolution
		SolutionGuid = {C97B3D0A-A4AC-4145-85D7-9B725417766E}
	EndGlobalSection
EndGlobal
