
Microsoft Visual Studio Solution File, Format Version 12.00
# Visual Studio Version 16
VisualStudioVersion = 16.0.29709.97
MinimumVisualStudioVersion = 10.0.40219.1
Project("{FAE04EC0-301F-11D3-BF4B-00C04F79EFBC}") = "Sales.Android", "Sales\Sales.Android\Sales.Android.csproj", "{CF27E2F6-485A-4213-A5CA-FA3ADCB09A01}"
EndProject
Project("{FAE04EC0-301F-11D3-BF4B-00C04F79EFBC}") = "Sales.iOS", "Sales\Sales.iOS\Sales.iOS.csproj", "{30EA48CE-2F40-427C-AFAD-62D9ADFD9071}"
EndProject
Project("{9A19103F-16F7-4668-BE54-9A1E7A4F7556}") = "Sales", "Sales\Sales\Sales.csproj", "{359C5F2F-2640-4242-B146-54DA973D56AC}"
EndProject
Project("{F184B08F-C81C-45F6-A57F-5ABD9991F28F}") = "Sales.Backend", "Sales.Backend\Sales.Backend.vbproj", "{E164FC02-AF6B-4A2A-936A-B0C2877822C8}"
EndProject
Project("{F184B08F-C81C-45F6-A57F-5ABD9991F28F}") = "Sales.API", "Sales.API\Sales.API.vbproj", "{315EE941-EB06-4400-8B38-CC81AC24C2FF}"
EndProject
Global
	GlobalSection(SolutionConfigurationPlatforms) = preSolution
		Debug|Any CPU = Debug|Any CPU
		Debug|iPhone = Debug|iPhone
		Debug|iPhoneSimulator = Debug|iPhoneSimulator
		Release|Any CPU = Release|Any CPU
		Release|iPhone = Release|iPhone
		Release|iPhoneSimulator = Release|iPhoneSimulator
	EndGlobalSection
	GlobalSection(ProjectConfigurationPlatforms) = postSolution
		{CF27E2F6-485A-4213-A5CA-FA3ADCB09A01}.Debug|Any CPU.ActiveCfg = Debug|Any CPU
		{CF27E2F6-485A-4213-A5CA-FA3ADCB09A01}.Debug|Any CPU.Build.0 = Debug|Any CPU
		{CF27E2F6-485A-4213-A5CA-FA3ADCB09A01}.Debug|Any CPU.Deploy.0 = Debug|Any CPU
		{CF27E2F6-485A-4213-A5CA-FA3ADCB09A01}.Debug|iPhone.ActiveCfg = Debug|Any CPU
		{CF27E2F6-485A-4213-A5CA-FA3ADCB09A01}.Debug|iPhone.Build.0 = Debug|Any CPU
		{CF27E2F6-485A-4213-A5CA-FA3ADCB09A01}.Debug|iPhone.Deploy.0 = Debug|Any CPU
		{CF27E2F6-485A-4213-A5CA-FA3ADCB09A01}.Debug|iPhoneSimulator.ActiveCfg = Debug|Any CPU
		{CF27E2F6-485A-4213-A5CA-FA3ADCB09A01}.Debug|iPhoneSimulator.Build.0 = Debug|Any CPU
		{CF27E2F6-485A-4213-A5CA-FA3ADCB09A01}.Debug|iPhoneSimulator.Deploy.0 = Debug|Any CPU
		{CF27E2F6-485A-4213-A5CA-FA3ADCB09A01}.Release|Any CPU.ActiveCfg = Release|Any CPU
		{CF27E2F6-485A-4213-A5CA-FA3ADCB09A01}.Release|Any CPU.Build.0 = Release|Any CPU
		{CF27E2F6-485A-4213-A5CA-FA3ADCB09A01}.Release|Any CPU.Deploy.0 = Release|Any CPU
		{CF27E2F6-485A-4213-A5CA-FA3ADCB09A01}.Release|iPhone.ActiveCfg = Release|Any CPU
		{CF27E2F6-485A-4213-A5CA-FA3ADCB09A01}.Release|iPhone.Build.0 = Release|Any CPU
		{CF27E2F6-485A-4213-A5CA-FA3ADCB09A01}.Release|iPhone.Deploy.0 = Release|Any CPU
		{CF27E2F6-485A-4213-A5CA-FA3ADCB09A01}.Release|iPhoneSimulator.ActiveCfg = Release|Any CPU
		{CF27E2F6-485A-4213-A5CA-FA3ADCB09A01}.Release|iPhoneSimulator.Build.0 = Release|Any CPU
		{CF27E2F6-485A-4213-A5CA-FA3ADCB09A01}.Release|iPhoneSimulator.Deploy.0 = Release|Any CPU
		{30EA48CE-2F40-427C-AFAD-62D9ADFD9071}.Debug|Any CPU.ActiveCfg = Debug|iPhoneSimulator
		{30EA48CE-2F40-427C-AFAD-62D9ADFD9071}.Debug|Any CPU.Build.0 = Debug|iPhoneSimulator
		{30EA48CE-2F40-427C-AFAD-62D9ADFD9071}.Debug|Any CPU.Deploy.0 = Debug|iPhoneSimulator
		{30EA48CE-2F40-427C-AFAD-62D9ADFD9071}.Debug|iPhone.ActiveCfg = Debug|iPhone
		{30EA48CE-2F40-427C-AFAD-62D9ADFD9071}.Debug|iPhone.Build.0 = Debug|iPhone
		{30EA48CE-2F40-427C-AFAD-62D9ADFD9071}.Debug|iPhone.Deploy.0 = Debug|iPhone
		{30EA48CE-2F40-427C-AFAD-62D9ADFD9071}.Debug|iPhoneSimulator.ActiveCfg = Debug|iPhoneSimulator
		{30EA48CE-2F40-427C-AFAD-62D9ADFD9071}.Debug|iPhoneSimulator.Build.0 = Debug|iPhoneSimulator
		{30EA48CE-2F40-427C-AFAD-62D9ADFD9071}.Debug|iPhoneSimulator.Deploy.0 = Debug|iPhoneSimulator
		{30EA48CE-2F40-427C-AFAD-62D9ADFD9071}.Release|Any CPU.ActiveCfg = Release|iPhone
		{30EA48CE-2F40-427C-AFAD-62D9ADFD9071}.Release|Any CPU.Build.0 = Release|iPhone
		{30EA48CE-2F40-427C-AFAD-62D9ADFD9071}.Release|Any CPU.Deploy.0 = Release|iPhone
		{30EA48CE-2F40-427C-AFAD-62D9ADFD9071}.Release|iPhone.ActiveCfg = Release|iPhone
		{30EA48CE-2F40-427C-AFAD-62D9ADFD9071}.Release|iPhone.Build.0 = Release|iPhone
		{30EA48CE-2F40-427C-AFAD-62D9ADFD9071}.Release|iPhone.Deploy.0 = Release|iPhone
		{30EA48CE-2F40-427C-AFAD-62D9ADFD9071}.Release|iPhoneSimulator.ActiveCfg = Release|iPhoneSimulator
		{30EA48CE-2F40-427C-AFAD-62D9ADFD9071}.Release|iPhoneSimulator.Build.0 = Release|iPhoneSimulator
		{30EA48CE-2F40-427C-AFAD-62D9ADFD9071}.Release|iPhoneSimulator.Deploy.0 = Release|iPhoneSimulator
		{359C5F2F-2640-4242-B146-54DA973D56AC}.Debug|Any CPU.ActiveCfg = Debug|Any CPU
		{359C5F2F-2640-4242-B146-54DA973D56AC}.Debug|Any CPU.Build.0 = Debug|Any CPU
		{359C5F2F-2640-4242-B146-54DA973D56AC}.Debug|Any CPU.Deploy.0 = Debug|Any CPU
		{359C5F2F-2640-4242-B146-54DA973D56AC}.Debug|iPhone.ActiveCfg = Debug|Any CPU
		{359C5F2F-2640-4242-B146-54DA973D56AC}.Debug|iPhone.Build.0 = Debug|Any CPU
		{359C5F2F-2640-4242-B146-54DA973D56AC}.Debug|iPhone.Deploy.0 = Debug|Any CPU
		{359C5F2F-2640-4242-B146-54DA973D56AC}.Debug|iPhoneSimulator.ActiveCfg = Debug|Any CPU
		{359C5F2F-2640-4242-B146-54DA973D56AC}.Debug|iPhoneSimulator.Build.0 = Debug|Any CPU
		{359C5F2F-2640-4242-B146-54DA973D56AC}.Debug|iPhoneSimulator.Deploy.0 = Debug|Any CPU
		{359C5F2F-2640-4242-B146-54DA973D56AC}.Release|Any CPU.ActiveCfg = Release|Any CPU
		{359C5F2F-2640-4242-B146-54DA973D56AC}.Release|Any CPU.Build.0 = Release|Any CPU
		{359C5F2F-2640-4242-B146-54DA973D56AC}.Release|Any CPU.Deploy.0 = Release|Any CPU
		{359C5F2F-2640-4242-B146-54DA973D56AC}.Release|iPhone.ActiveCfg = Release|Any CPU
		{359C5F2F-2640-4242-B146-54DA973D56AC}.Release|iPhone.Build.0 = Release|Any CPU
		{359C5F2F-2640-4242-B146-54DA973D56AC}.Release|iPhone.Deploy.0 = Release|Any CPU
		{359C5F2F-2640-4242-B146-54DA973D56AC}.Release|iPhoneSimulator.ActiveCfg = Release|Any CPU
		{359C5F2F-2640-4242-B146-54DA973D56AC}.Release|iPhoneSimulator.Build.0 = Release|Any CPU
		{359C5F2F-2640-4242-B146-54DA973D56AC}.Release|iPhoneSimulator.Deploy.0 = Release|Any CPU
		{E164FC02-AF6B-4A2A-936A-B0C2877822C8}.Debug|Any CPU.ActiveCfg = Debug|Any CPU
		{E164FC02-AF6B-4A2A-936A-B0C2877822C8}.Debug|Any CPU.Build.0 = Debug|Any CPU
		{E164FC02-AF6B-4A2A-936A-B0C2877822C8}.Debug|iPhone.ActiveCfg = Debug|Any CPU
		{E164FC02-AF6B-4A2A-936A-B0C2877822C8}.Debug|iPhone.Build.0 = Debug|Any CPU
		{E164FC02-AF6B-4A2A-936A-B0C2877822C8}.Debug|iPhoneSimulator.ActiveCfg = Debug|Any CPU
		{E164FC02-AF6B-4A2A-936A-B0C2877822C8}.Debug|iPhoneSimulator.Build.0 = Debug|Any CPU
		{E164FC02-AF6B-4A2A-936A-B0C2877822C8}.Release|Any CPU.ActiveCfg = Release|Any CPU
		{E164FC02-AF6B-4A2A-936A-B0C2877822C8}.Release|Any CPU.Build.0 = Release|Any CPU
		{E164FC02-AF6B-4A2A-936A-B0C2877822C8}.Release|iPhone.ActiveCfg = Release|Any CPU
		{E164FC02-AF6B-4A2A-936A-B0C2877822C8}.Release|iPhone.Build.0 = Release|Any CPU
		{E164FC02-AF6B-4A2A-936A-B0C2877822C8}.Release|iPhoneSimulator.ActiveCfg = Release|Any CPU
		{E164FC02-AF6B-4A2A-936A-B0C2877822C8}.Release|iPhoneSimulator.Build.0 = Release|Any CPU
		{315EE941-EB06-4400-8B38-CC81AC24C2FF}.Debug|Any CPU.ActiveCfg = Debug|Any CPU
		{315EE941-EB06-4400-8B38-CC81AC24C2FF}.Debug|Any CPU.Build.0 = Debug|Any CPU
		{315EE941-EB06-4400-8B38-CC81AC24C2FF}.Debug|iPhone.ActiveCfg = Debug|Any CPU
		{315EE941-EB06-4400-8B38-CC81AC24C2FF}.Debug|iPhone.Build.0 = Debug|Any CPU
		{315EE941-EB06-4400-8B38-CC81AC24C2FF}.Debug|iPhoneSimulator.ActiveCfg = Debug|Any CPU
		{315EE941-EB06-4400-8B38-CC81AC24C2FF}.Debug|iPhoneSimulator.Build.0 = Debug|Any CPU
		{315EE941-EB06-4400-8B38-CC81AC24C2FF}.Release|Any CPU.ActiveCfg = Release|Any CPU
		{315EE941-EB06-4400-8B38-CC81AC24C2FF}.Release|Any CPU.Build.0 = Release|Any CPU
		{315EE941-EB06-4400-8B38-CC81AC24C2FF}.Release|iPhone.ActiveCfg = Release|Any CPU
		{315EE941-EB06-4400-8B38-CC81AC24C2FF}.Release|iPhone.Build.0 = Release|Any CPU
		{315EE941-EB06-4400-8B38-CC81AC24C2FF}.Release|iPhoneSimulator.ActiveCfg = Release|Any CPU
		{315EE941-EB06-4400-8B38-CC81AC24C2FF}.Release|iPhoneSimulator.Build.0 = Release|Any CPU
	EndGlobalSection
	GlobalSection(SolutionProperties) = preSolution
		HideSolutionNode = FALSE
	EndGlobalSection
	GlobalSection(ExtensibilityGlobals) = postSolution
		SolutionGuid = {C3321541-AD51-44B1-B86C-764B5FE8D8F5}
	EndGlobalSection
EndGlobal
